
Microsoft Visual Studio Solution File, Format Version 12.00
# Visual Studio 15
VisualStudioVersion = 15.0.27130.2027
MinimumVisualStudioVersion = 10.0.40219.1
Project("{FAE04EC0-301F-11D3-BF4B-00C04F79EFBC}") = "ogrenciBilgiSistemi", "ogrenciBilgiSistemi\ogrenciBilgiSistemi.csproj", "{ABFEC69F-152B-4B14-B744-9E899ACCCCB2}"
EndProject
Global
	GlobalSection(SolutionConfigurationPlatforms) = preSolution
		Debug|Any CPU = Debug|Any CPU
		Release|Any CPU = Release|Any CPU
	EndGlobalSection
	GlobalSection(ProjectConfigurationPlatforms) = postSolution
		{ABFEC69F-152B-4B14-B744-9E899ACCCCB2}.Debug|Any CPU.ActiveCfg = Debug|Any CPU
		{ABFEC69F-152B-4B14-B744-9E899ACCCCB2}.Debug|Any CPU.Build.0 = Debug|Any CPU
		{ABFEC69F-152B-4B14-B744-9E899ACCCCB2}.Release|Any CPU.ActiveCfg = Release|Any CPU
		{ABFEC69F-152B-4B14-B744-9E899ACCCCB2}.Release|Any CPU.Build.0 = Release|Any CPU
	EndGlobalSection
	GlobalSection(SolutionProperties) = preSolution
		HideSolutionNode = FALSE
	EndGlobalSection
	GlobalSection(ExtensibilityGlobals) = postSolution
		SolutionGuid = {5F3D3800-9587-4D96-BD18-E2F1DF49C5E9}
	EndGlobalSection
EndGlobal
